// !$*UTF8*$!
{
	archiveVersion = 1;
	classes = {
	};
	objectVersion = 56;
	objects = {

/* Begin PBXBuildFile section */
		019A26AC29D49B640015FE62 /* AppDelegate.swift in Sources */ = {isa = PBXBuildFile; fileRef = 019A26AB29D49B640015FE62 /* AppDelegate.swift */; };
		019A26AE29D49B640015FE62 /* SceneDelegate.swift in Sources */ = {isa = PBXBuildFile; fileRef = 019A26AD29D49B640015FE62 /* SceneDelegate.swift */; };
		019A26B029D49B640015FE62 /* HomeVC.swift in Sources */ = {isa = PBXBuildFile; fileRef = 019A26AF29D49B640015FE62 /* HomeVC.swift */; };
		019A26B529D49B650015FE62 /* Assets.xcassets in Resources */ = {isa = PBXBuildFile; fileRef = 019A26B429D49B650015FE62 /* Assets.xcassets */; };
		019A26B829D49B650015FE62 /* LaunchScreen.storyboard in Resources */ = {isa = PBXBuildFile; fileRef = 019A26B629D49B650015FE62 /* LaunchScreen.storyboard */; };
		019A26C529D4E4A50015FE62 /* UIView+LayoutHelper.swift in Sources */ = {isa = PBXBuildFile; fileRef = 019A26C429D4E4A50015FE62 /* UIView+LayoutHelper.swift */; };
		019A26C729D5F0A50015FE62 /* Logger.swift in Sources */ = {isa = PBXBuildFile; fileRef = 019A26C629D5F0A50015FE62 /* Logger.swift */; };
		019A26CA29D66BCA0015FE62 /* WorkoutTrackingViewModel.swift in Sources */ = {isa = PBXBuildFile; fileRef = 019A26C929D66BCA0015FE62 /* WorkoutTrackingViewModel.swift */; };
		019A26D029D7DB660015FE62 /* WorkoutTrackingManager.swift in Sources */ = {isa = PBXBuildFile; fileRef = 019A26CF29D7DB660015FE62 /* WorkoutTrackingManager.swift */; };
		019A26D829D88F380015FE62 /* WidgetKit.framework in Frameworks */ = {isa = PBXBuildFile; fileRef = 019A26D729D88F380015FE62 /* WidgetKit.framework */; };
		019A26DA29D88F380015FE62 /* SwiftUI.framework in Frameworks */ = {isa = PBXBuildFile; fileRef = 019A26D929D88F380015FE62 /* SwiftUI.framework */; };
		019A26DD29D88F380015FE62 /* LiveActivitySandboxWidgetExtensionBundle.swift in Sources */ = {isa = PBXBuildFile; fileRef = 019A26DC29D88F380015FE62 /* LiveActivitySandboxWidgetExtensionBundle.swift */; };
		019A26DF29D88F380015FE62 /* WidgetExtensionLiveActivity.swift in Sources */ = {isa = PBXBuildFile; fileRef = 019A26DE29D88F380015FE62 /* WidgetExtensionLiveActivity.swift */; };
		019A26E329D88F3A0015FE62 /* Assets.xcassets in Resources */ = {isa = PBXBuildFile; fileRef = 019A26E229D88F3A0015FE62 /* Assets.xcassets */; };
		019A26E729D88F3A0015FE62 /* LiveActivitySandboxWidgetExtensionExtension.appex in Embed Foundation Extensions */ = {isa = PBXBuildFile; fileRef = 019A26D529D88F380015FE62 /* LiveActivitySandboxWidgetExtensionExtension.appex */; settings = {ATTRIBUTES = (RemoveHeadersOnCopy, ); }; };
		019A26F029D891050015FE62 /* WorkoutLiveActivityAttributes.swift in Sources */ = {isa = PBXBuildFile; fileRef = 019A26EF29D891050015FE62 /* WorkoutLiveActivityAttributes.swift */; };
		019A26F129D891050015FE62 /* WorkoutLiveActivityAttributes.swift in Sources */ = {isa = PBXBuildFile; fileRef = 019A26EF29D891050015FE62 /* WorkoutLiveActivityAttributes.swift */; };
		019A26F529D937000015FE62 /* WorkoutLiveActivityView.swift in Sources */ = {isa = PBXBuildFile; fileRef = 019A26F329D937000015FE62 /* WorkoutLiveActivityView.swift */; };
		01DC2FA629DA2E4D00BBF4B8 /* Logger.swift in Sources */ = {isa = PBXBuildFile; fileRef = 019A26C629D5F0A50015FE62 /* Logger.swift */; };
		01ECDA9E29DBB7DA002BDD17 /* WorkoutLiveActivityView.swift in Sources */ = {isa = PBXBuildFile; fileRef = 019A26F329D937000015FE62 /* WorkoutLiveActivityView.swift */; };
		2AF3E0A329D527C2001E48B7 /* WorkoutTrackingVC.swift in Sources */ = {isa = PBXBuildFile; fileRef = 2AF3E0A229D527C2001E48B7 /* WorkoutTrackingVC.swift */; };
		2AF3E0A529D52984001E48B7 /* LocationManager.swift in Sources */ = {isa = PBXBuildFile; fileRef = 2AF3E0A429D52984001E48B7 /* LocationManager.swift */; };
/* End PBXBuildFile section */

/* Begin PBXContainerItemProxy section */
		019A26E529D88F3A0015FE62 /* PBXContainerItemProxy */ = {
			isa = PBXContainerItemProxy;
			containerPortal = 019A26A029D49B640015FE62 /* Project object */;
			proxyType = 1;
			remoteGlobalIDString = 019A26D429D88F380015FE62;
			remoteInfo = LiveActivitySandboxWidgetExtensionExtension;
		};
/* End PBXContainerItemProxy section */

/* Begin PBXCopyFilesBuildPhase section */
		019A26EB29D88F3A0015FE62 /* Embed Foundation Extensions */ = {
			isa = PBXCopyFilesBuildPhase;
			buildActionMask = 2147483647;
			dstPath = "";
			dstSubfolderSpec = 13;
			files = (
				019A26E729D88F3A0015FE62 /* LiveActivitySandboxWidgetExtensionExtension.appex in Embed Foundation Extensions */,
			);
			name = "Embed Foundation Extensions";
			runOnlyForDeploymentPostprocessing = 0;
		};
/* End PBXCopyFilesBuildPhase section */

/* Begin PBXFileReference section */
		019A26A829D49B640015FE62 /* LiveActivitySandbox.app */ = {isa = PBXFileReference; explicitFileType = wrapper.application; includeInIndex = 0; path = LiveActivitySandbox.app; sourceTree = BUILT_PRODUCTS_DIR; };
		019A26AB29D49B640015FE62 /* AppDelegate.swift */ = {isa = PBXFileReference; lastKnownFileType = sourcecode.swift; path = AppDelegate.swift; sourceTree = "<group>"; };
		019A26AD29D49B640015FE62 /* SceneDelegate.swift */ = {isa = PBXFileReference; lastKnownFileType = sourcecode.swift; path = SceneDelegate.swift; sourceTree = "<group>"; };
		019A26AF29D49B640015FE62 /* HomeVC.swift */ = {isa = PBXFileReference; lastKnownFileType = sourcecode.swift; path = HomeVC.swift; sourceTree = "<group>"; };
		019A26B429D49B650015FE62 /* Assets.xcassets */ = {isa = PBXFileReference; lastKnownFileType = folder.assetcatalog; path = Assets.xcassets; sourceTree = "<group>"; };
		019A26B729D49B650015FE62 /* Base */ = {isa = PBXFileReference; lastKnownFileType = file.storyboard; name = Base; path = Base.lproj/LaunchScreen.storyboard; sourceTree = "<group>"; };
		019A26B929D49B650015FE62 /* Info.plist */ = {isa = PBXFileReference; lastKnownFileType = text.plist.xml; path = Info.plist; sourceTree = "<group>"; };
		019A26C429D4E4A50015FE62 /* UIView+LayoutHelper.swift */ = {isa = PBXFileReference; lastKnownFileType = sourcecode.swift; path = "UIView+LayoutHelper.swift"; sourceTree = "<group>"; };
		019A26C629D5F0A50015FE62 /* Logger.swift */ = {isa = PBXFileReference; lastKnownFileType = sourcecode.swift; path = Logger.swift; sourceTree = "<group>"; };
		019A26C929D66BCA0015FE62 /* WorkoutTrackingViewModel.swift */ = {isa = PBXFileReference; lastKnownFileType = sourcecode.swift; path = WorkoutTrackingViewModel.swift; sourceTree = "<group>"; };
		019A26CF29D7DB660015FE62 /* WorkoutTrackingManager.swift */ = {isa = PBXFileReference; lastKnownFileType = sourcecode.swift; path = WorkoutTrackingManager.swift; sourceTree = "<group>"; };
		019A26D529D88F380015FE62 /* LiveActivitySandboxWidgetExtensionExtension.appex */ = {isa = PBXFileReference; explicitFileType = "wrapper.app-extension"; includeInIndex = 0; path = LiveActivitySandboxWidgetExtensionExtension.appex; sourceTree = BUILT_PRODUCTS_DIR; };
		019A26D729D88F380015FE62 /* WidgetKit.framework */ = {isa = PBXFileReference; lastKnownFileType = wrapper.framework; name = WidgetKit.framework; path = System/Library/Frameworks/WidgetKit.framework; sourceTree = SDKROOT; };
		019A26D929D88F380015FE62 /* SwiftUI.framework */ = {isa = PBXFileReference; lastKnownFileType = wrapper.framework; name = SwiftUI.framework; path = System/Library/Frameworks/SwiftUI.framework; sourceTree = SDKROOT; };
		019A26DC29D88F380015FE62 /* LiveActivitySandboxWidgetExtensionBundle.swift */ = {isa = PBXFileReference; lastKnownFileType = sourcecode.swift; path = LiveActivitySandboxWidgetExtensionBundle.swift; sourceTree = "<group>"; };
		019A26DE29D88F380015FE62 /* WidgetExtensionLiveActivity.swift */ = {isa = PBXFileReference; lastKnownFileType = sourcecode.swift; path = WidgetExtensionLiveActivity.swift; sourceTree = "<group>"; };
		019A26E229D88F3A0015FE62 /* Assets.xcassets */ = {isa = PBXFileReference; lastKnownFileType = folder.assetcatalog; path = Assets.xcassets; sourceTree = "<group>"; };
		019A26E429D88F3A0015FE62 /* Info.plist */ = {isa = PBXFileReference; lastKnownFileType = text.plist.xml; path = Info.plist; sourceTree = "<group>"; };
		019A26EF29D891050015FE62 /* WorkoutLiveActivityAttributes.swift */ = {isa = PBXFileReference; lastKnownFileType = sourcecode.swift; path = WorkoutLiveActivityAttributes.swift; sourceTree = "<group>"; };
		019A26F329D937000015FE62 /* WorkoutLiveActivityView.swift */ = {isa = PBXFileReference; lastKnownFileType = sourcecode.swift; path = WorkoutLiveActivityView.swift; sourceTree = "<group>"; };
		2AF3E0A229D527C2001E48B7 /* WorkoutTrackingVC.swift */ = {isa = PBXFileReference; lastKnownFileType = sourcecode.swift; path = WorkoutTrackingVC.swift; sourceTree = "<group>"; };
		2AF3E0A429D52984001E48B7 /* LocationManager.swift */ = {isa = PBXFileReference; lastKnownFileType = sourcecode.swift; path = LocationManager.swift; sourceTree = "<group>"; };
/* End PBXFileReference section */

/* Begin PBXFrameworksBuildPhase section */
		019A26A529D49B640015FE62 /* Frameworks */ = {
			isa = PBXFrameworksBuildPhase;
			buildActionMask = 2147483647;
			files = (
			);
			runOnlyForDeploymentPostprocessing = 0;
		};
		019A26D229D88F380015FE62 /* Frameworks */ = {
			isa = PBXFrameworksBuildPhase;
			buildActionMask = 2147483647;
			files = (
				019A26DA29D88F380015FE62 /* SwiftUI.framework in Frameworks */,
				019A26D829D88F380015FE62 /* WidgetKit.framework in Frameworks */,
			);
			runOnlyForDeploymentPostprocessing = 0;
		};
/* End PBXFrameworksBuildPhase section */

/* Begin PBXGroup section */
		019A269F29D49B640015FE62 = {
			isa = PBXGroup;
			children = (
				019A26AA29D49B640015FE62 /* LiveActivitySandbox */,
				019A26DB29D88F380015FE62 /* LiveActivitySandboxWidgetExtension */,
				019A26D629D88F380015FE62 /* Frameworks */,
				019A26A929D49B640015FE62 /* Products */,
			);
			sourceTree = "<group>";
		};
		019A26A929D49B640015FE62 /* Products */ = {
			isa = PBXGroup;
			children = (
				019A26A829D49B640015FE62 /* LiveActivitySandbox.app */,
				019A26D529D88F380015FE62 /* LiveActivitySandboxWidgetExtensionExtension.appex */,
			);
			name = Products;
			sourceTree = "<group>";
		};
		019A26AA29D49B640015FE62 /* LiveActivitySandbox */ = {
			isa = PBXGroup;
			children = (
				2AF3E0A029D5279D001E48B7 /* WorkoutTrackingUIKit */,
				019A26C029D49BB70015FE62 /* HomeVC */,
				019A26C229D4E4830015FE62 /* Common */,
				019A26BF29D49BAC0015FE62 /* Support */,
			);
			path = LiveActivitySandbox;
			sourceTree = "<group>";
		};
		019A26BF29D49BAC0015FE62 /* Support */ = {
			isa = PBXGroup;
			children = (
				019A26AB29D49B640015FE62 /* AppDelegate.swift */,
				019A26AD29D49B640015FE62 /* SceneDelegate.swift */,
				019A26B429D49B650015FE62 /* Assets.xcassets */,
				019A26B629D49B650015FE62 /* LaunchScreen.storyboard */,
				019A26B929D49B650015FE62 /* Info.plist */,
			);
			path = Support;
			sourceTree = "<group>";
		};
		019A26C029D49BB70015FE62 /* HomeVC */ = {
			isa = PBXGroup;
			children = (
				019A26C129D49BCD0015FE62 /* ViewController */,
			);
			path = HomeVC;
			sourceTree = "<group>";
		};
		019A26C129D49BCD0015FE62 /* ViewController */ = {
			isa = PBXGroup;
			children = (
				019A26AF29D49B640015FE62 /* HomeVC.swift */,
			);
			path = ViewController;
			sourceTree = "<group>";
		};
		019A26C229D4E4830015FE62 /* Common */ = {
			isa = PBXGroup;
			children = (
				019A26C629D5F0A50015FE62 /* Logger.swift */,
				2AF3E0A429D52984001E48B7 /* LocationManager.swift */,
				019A26C329D4E4870015FE62 /* Extensions */,
			);
			path = Common;
			sourceTree = "<group>";
		};
		019A26C329D4E4870015FE62 /* Extensions */ = {
			isa = PBXGroup;
			children = (
				019A26C429D4E4A50015FE62 /* UIView+LayoutHelper.swift */,
			);
			path = Extensions;
			sourceTree = "<group>";
		};
		019A26C829D66BB90015FE62 /* ViewModel */ = {
			isa = PBXGroup;
			children = (
				019A26C929D66BCA0015FE62 /* WorkoutTrackingViewModel.swift */,
			);
			path = ViewModel;
			sourceTree = "<group>";
		};
		019A26CE29D7DB4F0015FE62 /* Manager */ = {
			isa = PBXGroup;
			children = (
				019A26CF29D7DB660015FE62 /* WorkoutTrackingManager.swift */,
			);
			path = Manager;
			sourceTree = "<group>";
		};
		019A26D629D88F380015FE62 /* Frameworks */ = {
			isa = PBXGroup;
			children = (
				019A26D729D88F380015FE62 /* WidgetKit.framework */,
				019A26D929D88F380015FE62 /* SwiftUI.framework */,
			);
			name = Frameworks;
			sourceTree = "<group>";
		};
		019A26DB29D88F380015FE62 /* LiveActivitySandboxWidgetExtension */ = {
			isa = PBXGroup;
			children = (
				019A26DC29D88F380015FE62 /* LiveActivitySandboxWidgetExtensionBundle.swift */,
				019A26EC29D8901A0015FE62 /* WorkoutLiveActivity */,
				019A26E229D88F3A0015FE62 /* Assets.xcassets */,
				019A26E429D88F3A0015FE62 /* Info.plist */,
			);
			path = LiveActivitySandboxWidgetExtension;
			sourceTree = "<group>";
		};
		019A26EC29D8901A0015FE62 /* WorkoutLiveActivity */ = {
			isa = PBXGroup;
			children = (
				019A26EE29D890CA0015FE62 /* Attributes */,
				019A26F229D936E40015FE62 /* View */,
				019A26ED29D890B70015FE62 /* Widget */,
			);
			path = WorkoutLiveActivity;
			sourceTree = "<group>";
		};
		019A26ED29D890B70015FE62 /* Widget */ = {
			isa = PBXGroup;
			children = (
				019A26DE29D88F380015FE62 /* WidgetExtensionLiveActivity.swift */,
			);
			path = Widget;
			sourceTree = "<group>";
		};
		019A26EE29D890CA0015FE62 /* Attributes */ = {
			isa = PBXGroup;
			children = (
				019A26EF29D891050015FE62 /* WorkoutLiveActivityAttributes.swift */,
			);
			path = Attributes;
			sourceTree = "<group>";
		};
		019A26F229D936E40015FE62 /* View */ = {
			isa = PBXGroup;
			children = (
				019A26F329D937000015FE62 /* WorkoutLiveActivityView.swift */,
			);
			path = View;
			sourceTree = "<group>";
		};
		2AF3E0A029D5279D001E48B7 /* WorkoutTrackingUIKit */ = {
			isa = PBXGroup;
			children = (
				019A26CE29D7DB4F0015FE62 /* Manager */,
				019A26C829D66BB90015FE62 /* ViewModel */,
				2AF3E0A129D527A5001E48B7 /* ViewController */,
			);
			path = WorkoutTrackingUIKit;
			sourceTree = "<group>";
		};
		2AF3E0A129D527A5001E48B7 /* ViewController */ = {
			isa = PBXGroup;
			children = (
				2AF3E0A229D527C2001E48B7 /* WorkoutTrackingVC.swift */,
			);
			path = ViewController;
			sourceTree = "<group>";
		};
/* End PBXGroup section */

/* Begin PBXNativeTarget section */
		019A26A729D49B640015FE62 /* LiveActivitySandbox */ = {
			isa = PBXNativeTarget;
			buildConfigurationList = 019A26BC29D49B650015FE62 /* Build configuration list for PBXNativeTarget "LiveActivitySandbox" */;
			buildPhases = (
				019A26A429D49B640015FE62 /* Sources */,
				019A26A529D49B640015FE62 /* Frameworks */,
				019A26A629D49B640015FE62 /* Resources */,
				019A26EB29D88F3A0015FE62 /* Embed Foundation Extensions */,
			);
			buildRules = (
			);
			dependencies = (
				019A26E629D88F3A0015FE62 /* PBXTargetDependency */,
			);
			name = LiveActivitySandbox;
			productName = LiveActivitySandbox;
			productReference = 019A26A829D49B640015FE62 /* LiveActivitySandbox.app */;
			productType = "com.apple.product-type.application";
		};
		019A26D429D88F380015FE62 /* LiveActivitySandboxWidgetExtensionExtension */ = {
			isa = PBXNativeTarget;
			buildConfigurationList = 019A26E829D88F3A0015FE62 /* Build configuration list for PBXNativeTarget "LiveActivitySandboxWidgetExtensionExtension" */;
			buildPhases = (
				019A26D129D88F380015FE62 /* Sources */,
				019A26D229D88F380015FE62 /* Frameworks */,
				019A26D329D88F380015FE62 /* Resources */,
			);
			buildRules = (
			);
			dependencies = (
			);
			name = LiveActivitySandboxWidgetExtensionExtension;
			productName = LiveActivitySandboxWidgetExtensionExtension;
			productReference = 019A26D529D88F380015FE62 /* LiveActivitySandboxWidgetExtensionExtension.appex */;
			productType = "com.apple.product-type.app-extension";
		};
/* End PBXNativeTarget section */

/* Begin PBXProject section */
		019A26A029D49B640015FE62 /* Project object */ = {
			isa = PBXProject;
			attributes = {
				BuildIndependentTargetsInParallel = 1;
				LastSwiftUpdateCheck = 1420;
				LastUpgradeCheck = 1420;
				TargetAttributes = {
					019A26A729D49B640015FE62 = {
						CreatedOnToolsVersion = 14.2;
					};
					019A26D429D88F380015FE62 = {
						CreatedOnToolsVersion = 14.2;
					};
				};
			};
			buildConfigurationList = 019A26A329D49B640015FE62 /* Build configuration list for PBXProject "LiveActivitySandbox" */;
			compatibilityVersion = "Xcode 14.0";
			developmentRegion = en;
			hasScannedForEncodings = 0;
			knownRegions = (
				en,
				Base,
			);
			mainGroup = 019A269F29D49B640015FE62;
			productRefGroup = 019A26A929D49B640015FE62 /* Products */;
			projectDirPath = "";
			projectRoot = "";
			targets = (
				019A26A729D49B640015FE62 /* LiveActivitySandbox */,
				019A26D429D88F380015FE62 /* LiveActivitySandboxWidgetExtensionExtension */,
			);
		};
/* End PBXProject section */

/* Begin PBXResourcesBuildPhase section */
		019A26A629D49B640015FE62 /* Resources */ = {
			isa = PBXResourcesBuildPhase;
			buildActionMask = 2147483647;
			files = (
				019A26B829D49B650015FE62 /* LaunchScreen.storyboard in Resources */,
				019A26B529D49B650015FE62 /* Assets.xcassets in Resources */,
			);
			runOnlyForDeploymentPostprocessing = 0;
		};
		019A26D329D88F380015FE62 /* Resources */ = {
			isa = PBXResourcesBuildPhase;
			buildActionMask = 2147483647;
			files = (
				019A26E329D88F3A0015FE62 /* Assets.xcassets in Resources */,
			);
			runOnlyForDeploymentPostprocessing = 0;
		};
/* End PBXResourcesBuildPhase section */

/* Begin PBXSourcesBuildPhase section */
		019A26A429D49B640015FE62 /* Sources */ = {
			isa = PBXSourcesBuildPhase;
			buildActionMask = 2147483647;
			files = (
				2AF3E0A329D527C2001E48B7 /* WorkoutTrackingVC.swift in Sources */,
				01ECDA9E29DBB7DA002BDD17 /* WorkoutLiveActivityView.swift in Sources */,
				019A26B029D49B640015FE62 /* HomeVC.swift in Sources */,
				2AF3E0A529D52984001E48B7 /* LocationManager.swift in Sources */,
				019A26CA29D66BCA0015FE62 /* WorkoutTrackingViewModel.swift in Sources */,
				019A26AC29D49B640015FE62 /* AppDelegate.swift in Sources */,
				019A26C729D5F0A50015FE62 /* Logger.swift in Sources */,
				019A26C529D4E4A50015FE62 /* UIView+LayoutHelper.swift in Sources */,
				019A26F029D891050015FE62 /* WorkoutLiveActivityAttributes.swift in Sources */,
				019A26AE29D49B640015FE62 /* SceneDelegate.swift in Sources */,
				019A26D029D7DB660015FE62 /* WorkoutTrackingManager.swift in Sources */,
			);
			runOnlyForDeploymentPostprocessing = 0;
		};
		019A26D129D88F380015FE62 /* Sources */ = {
			isa = PBXSourcesBuildPhase;
			buildActionMask = 2147483647;
			files = (
				01DC2FA629DA2E4D00BBF4B8 /* Logger.swift in Sources */,
				019A26F129D891050015FE62 /* WorkoutLiveActivityAttributes.swift in Sources */,
				019A26DD29D88F380015FE62 /* LiveActivitySandboxWidgetExtensionBundle.swift in Sources */,
				019A26DF29D88F380015FE62 /* WidgetExtensionLiveActivity.swift in Sources */,
				019A26F529D937000015FE62 /* WorkoutLiveActivityView.swift in Sources */,
			);
			runOnlyForDeploymentPostprocessing = 0;
		};
/* End PBXSourcesBuildPhase section */

/* Begin PBXTargetDependency section */
		019A26E629D88F3A0015FE62 /* PBXTargetDependency */ = {
			isa = PBXTargetDependency;
			target = 019A26D429D88F380015FE62 /* LiveActivitySandboxWidgetExtensionExtension */;
			targetProxy = 019A26E529D88F3A0015FE62 /* PBXContainerItemProxy */;
		};
/* End PBXTargetDependency section */

/* Begin PBXVariantGroup section */
		019A26B629D49B650015FE62 /* LaunchScreen.storyboard */ = {
			isa = PBXVariantGroup;
			children = (
				019A26B729D49B650015FE62 /* Base */,
			);
			name = LaunchScreen.storyboard;
			sourceTree = "<group>";
		};
/* End PBXVariantGroup section */

/* Begin XCBuildConfiguration section */
		019A26BA29D49B650015FE62 /* Debug */ = {
			isa = XCBuildConfiguration;
			buildSettings = {
				ALWAYS_SEARCH_USER_PATHS = NO;
				CLANG_ANALYZER_NONNULL = YES;
				CLANG_ANALYZER_NUMBER_OBJECT_CONVERSION = YES_AGGRESSIVE;
				CLANG_CXX_LANGUAGE_STANDARD = "gnu++20";
				CLANG_ENABLE_MODULES = YES;
				CLANG_ENABLE_OBJC_ARC = YES;
				CLANG_ENABLE_OBJC_WEAK = YES;
				CLANG_WARN_BLOCK_CAPTURE_AUTORELEASING = YES;
				CLANG_WARN_BOOL_CONVERSION = YES;
				CLANG_WARN_COMMA = YES;
				CLANG_WARN_CONSTANT_CONVERSION = YES;
				CLANG_WARN_DEPRECATED_OBJC_IMPLEMENTATIONS = YES;
				CLANG_WARN_DIRECT_OBJC_ISA_USAGE = YES_ERROR;
				CLANG_WARN_DOCUMENTATION_COMMENTS = YES;
				CLANG_WARN_EMPTY_BODY = YES;
				CLANG_WARN_ENUM_CONVERSION = YES;
				CLANG_WARN_INFINITE_RECURSION = YES;
				CLANG_WARN_INT_CONVERSION = YES;
				CLANG_WARN_NON_LITERAL_NULL_CONVERSION = YES;
				CLANG_WARN_OBJC_IMPLICIT_RETAIN_SELF = YES;
				CLANG_WARN_OBJC_LITERAL_CONVERSION = YES;
				CLANG_WARN_OBJC_ROOT_CLASS = YES_ERROR;
				CLANG_WARN_QUOTED_INCLUDE_IN_FRAMEWORK_HEADER = YES;
				CLANG_WARN_RANGE_LOOP_ANALYSIS = YES;
				CLANG_WARN_STRICT_PROTOTYPES = YES;
				CLANG_WARN_SUSPICIOUS_MOVE = YES;
				CLANG_WARN_UNGUARDED_AVAILABILITY = YES_AGGRESSIVE;
				CLANG_WARN_UNREACHABLE_CODE = YES;
				CLANG_WARN__DUPLICATE_METHOD_MATCH = YES;
				COPY_PHASE_STRIP = NO;
				DEBUG_INFORMATION_FORMAT = dwarf;
				ENABLE_STRICT_OBJC_MSGSEND = YES;
				ENABLE_TESTABILITY = YES;
				GCC_C_LANGUAGE_STANDARD = gnu11;
				GCC_DYNAMIC_NO_PIC = NO;
				GCC_NO_COMMON_BLOCKS = YES;
				GCC_OPTIMIZATION_LEVEL = 0;
				GCC_PREPROCESSOR_DEFINITIONS = (
					"DEBUG=1",
					"$(inherited)",
				);
				GCC_WARN_64_TO_32_BIT_CONVERSION = YES;
				GCC_WARN_ABOUT_RETURN_TYPE = YES_ERROR;
				GCC_WARN_UNDECLARED_SELECTOR = YES;
				GCC_WARN_UNINITIALIZED_AUTOS = YES_AGGRESSIVE;
				GCC_WARN_UNUSED_FUNCTION = YES;
				GCC_WARN_UNUSED_VARIABLE = YES;
				IPHONEOS_DEPLOYMENT_TARGET = 16.2;
				MTL_ENABLE_DEBUG_INFO = INCLUDE_SOURCE;
				MTL_FAST_MATH = YES;
				ONLY_ACTIVE_ARCH = YES;
				SDKROOT = iphoneos;
				SWIFT_ACTIVE_COMPILATION_CONDITIONS = DEBUG;
				SWIFT_OPTIMIZATION_LEVEL = "-Onone";
			};
			name = Debug;
		};
		019A26BB29D49B650015FE62 /* Release */ = {
			isa = XCBuildConfiguration;
			buildSettings = {
				ALWAYS_SEARCH_USER_PATHS = NO;
				CLANG_ANALYZER_NONNULL = YES;
				CLANG_ANALYZER_NUMBER_OBJECT_CONVERSION = YES_AGGRESSIVE;
				CLANG_CXX_LANGUAGE_STANDARD = "gnu++20";
				CLANG_ENABLE_MODULES = YES;
				CLANG_ENABLE_OBJC_ARC = YES;
				CLANG_ENABLE_OBJC_WEAK = YES;
				CLANG_WARN_BLOCK_CAPTURE_AUTORELEASING = YES;
				CLANG_WARN_BOOL_CONVERSION = YES;
				CLANG_WARN_COMMA = YES;
				CLANG_WARN_CONSTANT_CONVERSION = YES;
				CLANG_WARN_DEPRECATED_OBJC_IMPLEMENTATIONS = YES;
				CLANG_WARN_DIRECT_OBJC_ISA_USAGE = YES_ERROR;
				CLANG_WARN_DOCUMENTATION_COMMENTS = YES;
				CLANG_WARN_EMPTY_BODY = YES;
				CLANG_WARN_ENUM_CONVERSION = YES;
				CLANG_WARN_INFINITE_RECURSION = YES;
				CLANG_WARN_INT_CONVERSION = YES;
				CLANG_WARN_NON_LITERAL_NULL_CONVERSION = YES;
				CLANG_WARN_OBJC_IMPLICIT_RETAIN_SELF = YES;
				CLANG_WARN_OBJC_LITERAL_CONVERSION = YES;
				CLANG_WARN_OBJC_ROOT_CLASS = YES_ERROR;
				CLANG_WARN_QUOTED_INCLUDE_IN_FRAMEWORK_HEADER = YES;
				CLANG_WARN_RANGE_LOOP_ANALYSIS = YES;
				CLANG_WARN_STRICT_PROTOTYPES = YES;
				CLANG_WARN_SUSPICIOUS_MOVE = YES;
				CLANG_WARN_UNGUARDED_AVAILABILITY = YES_AGGRESSIVE;
				CLANG_WARN_UNREACHABLE_CODE = YES;
				CLANG_WARN__DUPLICATE_METHOD_MATCH = YES;
				COPY_PHASE_STRIP = NO;
				DEBUG_INFORMATION_FORMAT = "dwarf-with-dsym";
				ENABLE_NS_ASSERTIONS = NO;
				ENABLE_STRICT_OBJC_MSGSEND = YES;
				GCC_C_LANGUAGE_STANDARD = gnu11;
				GCC_NO_COMMON_BLOCKS = YES;
				GCC_WARN_64_TO_32_BIT_CONVERSION = YES;
				GCC_WARN_ABOUT_RETURN_TYPE = YES_ERROR;
				GCC_WARN_UNDECLARED_SELECTOR = YES;
				GCC_WARN_UNINITIALIZED_AUTOS = YES_AGGRESSIVE;
				GCC_WARN_UNUSED_FUNCTION = YES;
				GCC_WARN_UNUSED_VARIABLE = YES;
				IPHONEOS_DEPLOYMENT_TARGET = 16.2;
				MTL_ENABLE_DEBUG_INFO = NO;
				MTL_FAST_MATH = YES;
				SDKROOT = iphoneos;
				SWIFT_COMPILATION_MODE = wholemodule;
				SWIFT_OPTIMIZATION_LEVEL = "-O";
				VALIDATE_PRODUCT = YES;
			};
			name = Release;
		};
		019A26BD29D49B650015FE62 /* Debug */ = {
			isa = XCBuildConfiguration;
			buildSettings = {
				ALWAYS_EMBED_SWIFT_STANDARD_LIBRARIES = YES;
				ASSETCATALOG_COMPILER_APPICON_NAME = AppIcon;
				ASSETCATALOG_COMPILER_GLOBAL_ACCENT_COLOR_NAME = AccentColor;
				CODE_SIGN_STYLE = Automatic;
				CURRENT_PROJECT_VERSION = 1;
				DEVELOPMENT_TEAM = PNQLC6535R;
				GENERATE_INFOPLIST_FILE = YES;
				INFOPLIST_FILE = LiveActivitySandbox/Support/Info.plist;
				INFOPLIST_KEY_NSLocationAlwaysAndWhenInUseUsageDescription = "need always auth for demo";
				INFOPLIST_KEY_NSLocationWhenInUseUsageDescription = "need always auth for demo";
				INFOPLIST_KEY_UIApplicationSupportsIndirectInputEvents = YES;
				INFOPLIST_KEY_UILaunchStoryboardName = LaunchScreen;
				INFOPLIST_KEY_UISupportedInterfaceOrientations = UIInterfaceOrientationPortrait;
				INFOPLIST_KEY_UISupportedInterfaceOrientations_iPad = "UIInterfaceOrientationLandscapeLeft UIInterfaceOrientationLandscapeRight UIInterfaceOrientationPortrait UIInterfaceOrientationPortraitUpsideDown";
				IPHONEOS_DEPLOYMENT_TARGET = 16.2;
				LD_RUNPATH_SEARCH_PATHS = (
					"$(inherited)",
					"@executable_path/Frameworks",
				);
				MARKETING_VERSION = 1.0;
				PRODUCT_BUNDLE_IDENTIFIER = lijia.LiveActivitySandbox;
				PRODUCT_NAME = "$(TARGET_NAME)";
				SUPPORTED_PLATFORMS = "iphoneos iphonesimulator";
				SUPPORTS_MACCATALYST = NO;
				SUPPORTS_MAC_DESIGNED_FOR_IPHONE_IPAD = NO;
				SWIFT_EMIT_LOC_STRINGS = YES;
				SWIFT_VERSION = 5.0;
				TARGETED_DEVICE_FAMILY = 1;
			};
			name = Debug;
		};
		019A26BE29D49B650015FE62 /* Release */ = {
			isa = XCBuildConfiguration;
			buildSettings = {
				ALWAYS_EMBED_SWIFT_STANDARD_LIBRARIES = YES;
				ASSETCATALOG_COMPILER_APPICON_NAME = AppIcon;
				ASSETCATALOG_COMPILER_GLOBAL_ACCENT_COLOR_NAME = AccentColor;
				CODE_SIGN_STYLE = Automatic;
				CURRENT_PROJECT_VERSION = 1;
				DEVELOPMENT_TEAM = PNQLC6535R;
				GENERATE_INFOPLIST_FILE = YES;
				INFOPLIST_FILE = LiveActivitySandbox/Support/Info.plist;
				INFOPLIST_KEY_NSLocationAlwaysAndWhenInUseUsageDescription = "need always auth for demo";
				INFOPLIST_KEY_NSLocationWhenInUseUsageDescription = "need always auth for demo";
				INFOPLIST_KEY_UIApplicationSupportsIndirectInputEvents = YES;
				INFOPLIST_KEY_UILaunchStoryboardName = LaunchScreen;
				INFOPLIST_KEY_UISupportedInterfaceOrientations = UIInterfaceOrientationPortrait;
				INFOPLIST_KEY_UISupportedInterfaceOrientations_iPad = "UIInterfaceOrientationLandscapeLeft UIInterfaceOrientationLandscapeRight UIInterfaceOrientationPortrait UIInterfaceOrientationPortraitUpsideDown";
				IPHONEOS_DEPLOYMENT_TARGET = 16.2;
				LD_RUNPATH_SEARCH_PATHS = (
					"$(inherited)",
					"@executable_path/Frameworks",
				);
				MARKETING_VERSION = 1.0;
				PRODUCT_BUNDLE_IDENTIFIER = lijia.LiveActivitySandbox;
				PRODUCT_NAME = "$(TARGET_NAME)";
				SUPPORTED_PLATFORMS = "iphoneos iphonesimulator";
				SUPPORTS_MACCATALYST = NO;
				SUPPORTS_MAC_DESIGNED_FOR_IPHONE_IPAD = NO;
				SWIFT_EMIT_LOC_STRINGS = YES;
				SWIFT_VERSION = 5.0;
				TARGETED_DEVICE_FAMILY = 1;
			};
			name = Release;
		};
		019A26E929D88F3A0015FE62 /* Debug */ = {
			isa = XCBuildConfiguration;
			buildSettings = {
				ASSETCATALOG_COMPILER_GLOBAL_ACCENT_COLOR_NAME = AccentColor;
				ASSETCATALOG_COMPILER_WIDGET_BACKGROUND_COLOR_NAME = WidgetBackground;
				CODE_SIGN_STYLE = Automatic;
				CURRENT_PROJECT_VERSION = 1;
				DEVELOPMENT_TEAM = PNQLC6535R;
				GENERATE_INFOPLIST_FILE = YES;
				INFOPLIST_FILE = LiveActivitySandboxWidgetExtension/Info.plist;
				INFOPLIST_KEY_CFBundleDisplayName = LiveActivitySandboxWidgetExtension;
				INFOPLIST_KEY_NSHumanReadableCopyright = "";
				IPHONEOS_DEPLOYMENT_TARGET = 16.2;
				LD_RUNPATH_SEARCH_PATHS = (
					"$(inherited)",
					"@executable_path/Frameworks",
					"@executable_path/../../Frameworks",
				);
				MARKETING_VERSION = 1.0;
				PRODUCT_BUNDLE_IDENTIFIER = lijia.LiveActivitySandbox.LiveActivitySandboxWidgetExtension;
				PRODUCT_NAME = "$(TARGET_NAME)";
				SKIP_INSTALL = YES;
				SWIFT_EMIT_LOC_STRINGS = YES;
				SWIFT_VERSION = 5.0;
				TARGETED_DEVICE_FAMILY = "1,2";
			};
			name = Debug;
		};
		019A26EA29D88F3A0015FE62 /* Release */ = {
			isa = XCBuildConfiguration;
			buildSettings = {
				ASSETCATALOG_COMPILER_GLOBAL_ACCENT_COLOR_NAME = AccentColor;
				ASSETCATALOG_COMPILER_WIDGET_BACKGROUND_COLOR_NAME = WidgetBackground;
				CODE_SIGN_STYLE = Automatic;
				CURRENT_PROJECT_VERSION = 1;
				DEVELOPMENT_TEAM = PNQLC6535R;
				GENERATE_INFOPLIST_FILE = YES;
				INFOPLIST_FILE = LiveActivitySandboxWidgetExtension/Info.plist;
				INFOPLIST_KEY_CFBundleDisplayName = LiveActivitySandboxWidgetExtension;
				INFOPLIST_KEY_NSHumanReadableCopyright = "";
				IPHONEOS_DEPLOYMENT_TARGET = 16.2;
				LD_RUNPATH_SEARCH_PATHS = (
					"$(inherited)",
					"@executable_path/Frameworks",
					"@executable_path/../../Frameworks",
				);
				MARKETING_VERSION = 1.0;
				PRODUCT_BUNDLE_IDENTIFIER = lijia.LiveActivitySandbox.LiveActivitySandboxWidgetExtension;
				PRODUCT_NAME = "$(TARGET_NAME)";
				SKIP_INSTALL = YES;
				SWIFT_EMIT_LOC_STRINGS = YES;
				SWIFT_VERSION = 5.0;
				TARGETED_DEVICE_FAMILY = "1,2";
			};
			name = Release;
		};
/* End XCBuildConfiguration section */

/* Begin XCConfigurationList section */
		019A26A329D49B640015FE62 /* Build configuration list for PBXProject "LiveActivitySandbox" */ = {
			isa = XCConfigurationList;
			buildConfigurations = (
				019A26BA29D49B650015FE62 /* Debug */,
				019A26BB29D49B650015FE62 /* Release */,
			);
			defaultConfigurationIsVisible = 0;
			defaultConfigurationName = Release;
		};
		019A26BC29D49B650015FE62 /* Build configuration list for PBXNativeTarget "LiveActivitySandbox" */ = {
			isa = XCConfigurationList;
			buildConfigurations = (
				019A26BD29D49B650015FE62 /* Debug */,
				019A26BE29D49B650015FE62 /* Release */,
			);
			defaultConfigurationIsVisible = 0;
			defaultConfigurationName = Release;
		};
		019A26E829D88F3A0015FE62 /* Build configuration list for PBXNativeTarget "LiveActivitySandboxWidgetExtensionExtension" */ = {
			isa = XCConfigurationList;
			buildConfigurations = (
				019A26E929D88F3A0015FE62 /* Debug */,
				019A26EA29D88F3A0015FE62 /* Release */,
			);
			defaultConfigurationIsVisible = 0;
			defaultConfigurationName = Release;
		};
/* End XCConfigurationList section */
	};
	rootObject = 019A26A029D49B640015FE62 /* Project object */;
}
